
Microsoft Visual Studio Solution File, Format Version 12.00
# Visual Studio Version 17
VisualStudioVersion = 17.12.35521.163 d17.12
MinimumVisualStudioVersion = 10.0.40219.1
Project("{FAE04EC0-301F-11D3-BF4B-00C04F79EFBC}") = "MVC_Assignment3_PL", "MVC_Assignment3_PL\MVC_Assignment3_PL.csproj", "{4CE07AC2-4056-4352-A19D-4452D2B473ED}"
EndProject
Project("{FAE04EC0-301F-11D3-BF4B-00C04F79EFBC}") = "MVC_Assignment3_DAL", "MVC_Assignment3_DAL\MVC_Assignment3_DAL.csproj", "{92F239B8-1A4E-4421-B21F-A0AE65CF09C2}"
EndProject
Project("{FAE04EC0-301F-11D3-BF4B-00C04F79EFBC}") = "MVC_Assignment3_BLL", "MVC_Assignment3_BLL\MVC_Assignment3_BLL.csproj", "{B449F82B-65F8-44EA-8C2A-E71BC1DFB496}"
EndProject
Global
	GlobalSection(SolutionConfigurationPlatforms) = preSolution
		Debug|Any CPU = Debug|Any CPU
		Release|Any CPU = Release|Any CPU
	EndGlobalSection
	GlobalSection(ProjectConfigurationPlatforms) = postSolution
		{4CE07AC2-4056-4352-A19D-4452D2B473ED}.Debug|Any CPU.ActiveCfg = Debug|Any CPU
		{4CE07AC2-4056-4352-A19D-4452D2B473ED}.Debug|Any CPU.Build.0 = Debug|Any CPU
		{4CE07AC2-4056-4352-A19D-4452D2B473ED}.Release|Any CPU.ActiveCfg = Release|Any CPU
		{4CE07AC2-4056-4352-A19D-4452D2B473ED}.Release|Any CPU.Build.0 = Release|Any CPU
		{92F239B8-1A4E-4421-B21F-A0AE65CF09C2}.Debug|Any CPU.ActiveCfg = Debug|Any CPU
		{92F239B8-1A4E-4421-B21F-A0AE65CF09C2}.Debug|Any CPU.Build.0 = Debug|Any CPU
		{92F239B8-1A4E-4421-B21F-A0AE65CF09C2}.Release|Any CPU.ActiveCfg = Release|Any CPU
		{92F239B8-1A4E-4421-B21F-A0AE65CF09C2}.Release|Any CPU.Build.0 = Release|Any CPU
		{B449F82B-65F8-44EA-8C2A-E71BC1DFB496}.Debug|Any CPU.ActiveCfg = Debug|Any CPU
		{B449F82B-65F8-44EA-8C2A-E71BC1DFB496}.Debug|Any CPU.Build.0 = Debug|Any CPU
		{B449F82B-65F8-44EA-8C2A-E71BC1DFB496}.Release|Any CPU.ActiveCfg = Release|Any CPU
		{B449F82B-65F8-44EA-8C2A-E71BC1DFB496}.Release|Any CPU.Build.0 = Release|Any CPU
	EndGlobalSection
	GlobalSection(SolutionProperties) = preSolution
		HideSolutionNode = FALSE
	EndGlobalSection
EndGlobal
